
Microsoft Visual Studio Solution File, Format Version 12.00
# Visual Studio Version 16
VisualStudioVersion = 16.0.31515.178
MinimumVisualStudioVersion = 10.0.40219.1
Project("{9A19103F-16F7-4668-BE54-9A1E7A4F7556}") = "ShiftDigital.HotChocolate.Stitching.Dapr", "ShiftDigital.HotChocolate.Stitching.Dapr\ShiftDigital.HotChocolate.Stitching.Dapr.csproj", "{5FA925A3-0793-4229-99D4-773B5189150A}"
EndProject
Global
	GlobalSection(SolutionConfigurationPlatforms) = preSolution
		Debug|Any CPU = Debug|Any CPU
		Release|Any CPU = Release|Any CPU
	EndGlobalSection
	GlobalSection(ProjectConfigurationPlatforms) = postSolution
		{5FA925A3-0793-4229-99D4-773B5189150A}.Debug|Any CPU.ActiveCfg = Debug|Any CPU
		{5FA925A3-0793-4229-99D4-773B5189150A}.Debug|Any CPU.Build.0 = Debug|Any CPU
		{5FA925A3-0793-4229-99D4-773B5189150A}.Release|Any CPU.ActiveCfg = Release|Any CPU
		{5FA925A3-0793-4229-99D4-773B5189150A}.Release|Any CPU.Build.0 = Release|Any CPU
	EndGlobalSection
	GlobalSection(SolutionProperties) = preSolution
		HideSolutionNode = FALSE
	EndGlobalSection
	GlobalSection(ExtensibilityGlobals) = postSolution
		SolutionGuid = {E016D8E1-B33E-41A4-8851-BB325DD332E6}
	EndGlobalSection
EndGlobal
